
Microsoft Visual Studio Solution File, Format Version 12.00
# Visual Studio Version 16
VisualStudioVersion = 16.0.30804.86
MinimumVisualStudioVersion = 10.0.40219.1
Project("{FAE04EC0-301F-11D3-BF4B-00C04F79EFBC}") = "Assignment", "Assignment\Assignment.csproj", "{F6285789-9A07-4AE1-AEF9-745A18424BF6}"
EndProject
Project("{FAE04EC0-301F-11D3-BF4B-00C04F79EFBC}") = "Assignment.Tests", "Assignment.Tests\Assignment.Tests.csproj", "{707803DF-59DC-4988-820B-F4CDB26E1DFA}"
EndProject
Global
	GlobalSection(SolutionConfigurationPlatforms) = preSolution
		Debug|Any CPU = Debug|Any CPU
		Release|Any CPU = Release|Any CPU
	EndGlobalSection
	GlobalSection(ProjectConfigurationPlatforms) = postSolution
		{F6285789-9A07-4AE1-AEF9-745A18424BF6}.Debug|Any CPU.ActiveCfg = Debug|Any CPU
		{F6285789-9A07-4AE1-AEF9-745A18424BF6}.Debug|Any CPU.Build.0 = Debug|Any CPU
		{F6285789-9A07-4AE1-AEF9-745A18424BF6}.Release|Any CPU.ActiveCfg = Release|Any CPU
		{F6285789-9A07-4AE1-AEF9-745A18424BF6}.Release|Any CPU.Build.0 = Release|Any CPU
		{707803DF-59DC-4988-820B-F4CDB26E1DFA}.Debug|Any CPU.ActiveCfg = Debug|Any CPU
		{707803DF-59DC-4988-820B-F4CDB26E1DFA}.Debug|Any CPU.Build.0 = Debug|Any CPU
		{707803DF-59DC-4988-820B-F4CDB26E1DFA}.Release|Any CPU.ActiveCfg = Release|Any CPU
		{707803DF-59DC-4988-820B-F4CDB26E1DFA}.Release|Any CPU.Build.0 = Release|Any CPU
	EndGlobalSection
	GlobalSection(SolutionProperties) = preSolution
		HideSolutionNode = FALSE
	EndGlobalSection
	GlobalSection(ExtensibilityGlobals) = postSolution
		SolutionGuid = {E8A82F8D-FFAD-4A5D-A7CE-CADBD80F4B87}
	EndGlobalSection
EndGlobal
